{
  "requires": true,
  "lockfileVersion": 1,
  "dependencies": {
    "@types/prop-types": {
      "version": "15.5.5",
      "resolved": "https://registry.npmjs.org/@types/prop-types/-/prop-types-15.5.5.tgz",
      "integrity": "sha512-mOrlCEdwX3seT3n0AXNt4KNPAZZxcsABUHwBgFXOt+nvFUXkxCAO6UBJHPrDxWEa2KDMil86355fjo8jbZ+K0Q==",
      "dev": true,
      "requires": {
        "@types/react": "16.4.11"
      }
    },
    "@types/react": {
      "version": "16.4.11",
      "resolved": "https://registry.npmjs.org/@types/react/-/react-16.4.11.tgz",
      "integrity": "sha512-1DQnmwO8u8N3ucvRX2ZLDEjQ2VctkAvL/rpbm2ev4uaZA0z4ysU+I0tk+K8ZLblC6p7MCgFyF+cQlSNIPUHzeQ==",
      "dev": true,
      "requires": {
        "@types/prop-types": "15.5.5",
        "csstype": "2.5.6"
      }
    },
    "csstype": {
      "version": "2.5.6",
      "resolved": "https://registry.npmjs.org/csstype/-/csstype-2.5.6.tgz",
      "integrity": "sha512-tKPyhy0FmfYD2KQYXD5GzkvAYLYj96cMLXr648CKGd3wBe0QqoPipImjGiLze9c8leJK8J3n7ap90tpk3E6HGQ==",
      "dev": true
    }
  }
}
